
Microsoft Visual Studio Solution File, Format Version 12.00
# Visual Studio Version 16
VisualStudioVersion = 16.0.31205.134
MinimumVisualStudioVersion = 10.0.40219.1
Project("{8BC9CEB8-8B4A-11D0-8D11-00A0C91BC942}") = "20211201_1", "20211201_1.vcxproj", "{DCFD3DCC-9C96-4448-93B2-75BFDC065855}"
EndProject
Global
	GlobalSection(SolutionConfigurationPlatforms) = preSolution
		Debug|x64 = Debug|x64
		Debug|x86 = Debug|x86
		Release|x64 = Release|x64
		Release|x86 = Release|x86
	EndGlobalSection
	GlobalSection(ProjectConfigurationPlatforms) = postSolution
		{DCFD3DCC-9C96-4448-93B2-75BFDC065855}.Debug|x64.ActiveCfg = Debug|x64
		{DCFD3DCC-9C96-4448-93B2-75BFDC065855}.Debug|x64.Build.0 = Debug|x64
		{DCFD3DCC-9C96-4448-93B2-75BFDC065855}.Debug|x86.ActiveCfg = Debug|Win32
		{DCFD3DCC-9C96-4448-93B2-75BFDC065855}.Debug|x86.Build.0 = Debug|Win32
		{DCFD3DCC-9C96-4448-93B2-75BFDC065855}.Release|x64.ActiveCfg = Release|x64
		{DCFD3DCC-9C96-4448-93B2-75BFDC065855}.Release|x64.Build.0 = Release|x64
		{DCFD3DCC-9C96-4448-93B2-75BFDC065855}.Release|x86.ActiveCfg = Release|Win32
		{DCFD3DCC-9C96-4448-93B2-75BFDC065855}.Release|x86.Build.0 = Release|Win32
	EndGlobalSection
	GlobalSection(SolutionProperties) = preSolution
		HideSolutionNode = FALSE
	EndGlobalSection
	GlobalSection(ExtensibilityGlobals) = postSolution
		SolutionGuid = {35EEE9DD-FE67-4591-AF45-29F7496E4730}
	EndGlobalSection
EndGlobal
